// !$*UTF8*$!
{
	archiveVersion = 1;
	classes = {
	};
	objectVersion = 55;
	objects = {

/* Begin PBXBuildFile section */
		EFEBAC7428B3992300828E93 /* AppDelegate.swift in Sources */ = {isa = PBXBuildFile; fileRef = EFEBAC7328B3992300828E93 /* AppDelegate.swift */; };
		EFEBAC7628B3992300828E93 /* SceneDelegate.swift in Sources */ = {isa = PBXBuildFile; fileRef = EFEBAC7528B3992300828E93 /* SceneDelegate.swift */; };
		EFEBAC7828B3992300828E93 /* ViewController.swift in Sources */ = {isa = PBXBuildFile; fileRef = EFEBAC7728B3992300828E93 /* ViewController.swift */; };
		EFEBAC7B28B3992300828E93 /* Main.storyboard in Resources */ = {isa = PBXBuildFile; fileRef = EFEBAC7928B3992300828E93 /* Main.storyboard */; };
		EFEBAC7D28B3992500828E93 /* Assets.xcassets in Resources */ = {isa = PBXBuildFile; fileRef = EFEBAC7C28B3992500828E93 /* Assets.xcassets */; };
		EFEBAC8028B3992500828E93 /* LaunchScreen.storyboard in Resources */ = {isa = PBXBuildFile; fileRef = EFEBAC7E28B3992500828E93 /* LaunchScreen.storyboard */; };
		EFEBAC8B28B3992600828E93 /* Egg_TimerTests.swift in Sources */ = {isa = PBXBuildFile; fileRef = EFEBAC8A28B3992600828E93 /* Egg_TimerTests.swift */; };
		EFEBAC9528B3992600828E93 /* Egg_TimerUITests.swift in Sources */ = {isa = PBXBuildFile; fileRef = EFEBAC9428B3992600828E93 /* Egg_TimerUITests.swift */; };
		EFEBAC9728B3992600828E93 /* Egg_TimerUITestsLaunchTests.swift in Sources */ = {isa = PBXBuildFile; fileRef = EFEBAC9628B3992600828E93 /* Egg_TimerUITestsLaunchTests.swift */; };
		EFEBACA428B39A2F00828E93 /* alarm_sound.mp3 in Resources */ = {isa = PBXBuildFile; fileRef = EFEBACA328B39A2F00828E93 /* alarm_sound.mp3 */; };
/* End PBXBuildFile section */

/* Begin PBXContainerItemProxy section */
		EFEBAC8728B3992600828E93 /* PBXContainerItemProxy */ = {
			isa = PBXContainerItemProxy;
			containerPortal = EFEBAC6828B3992300828E93 /* Project object */;
			proxyType = 1;
			remoteGlobalIDString = EFEBAC6F28B3992300828E93;
			remoteInfo = "Egg Timer";
		};
		EFEBAC9128B3992600828E93 /* PBXContainerItemProxy */ = {
			isa = PBXContainerItemProxy;
			containerPortal = EFEBAC6828B3992300828E93 /* Project object */;
			proxyType = 1;
			remoteGlobalIDString = EFEBAC6F28B3992300828E93;
			remoteInfo = "Egg Timer";
		};
/* End PBXContainerItemProxy section */

/* Begin PBXFileReference section */
		EFEBAC7028B3992300828E93 /* Egg Timer.app */ = {isa = PBXFileReference; explicitFileType = wrapper.application; includeInIndex = 0; path = "Egg Timer.app"; sourceTree = BUILT_PRODUCTS_DIR; };
		EFEBAC7328B3992300828E93 /* AppDelegate.swift */ = {isa = PBXFileReference; lastKnownFileType = sourcecode.swift; path = AppDelegate.swift; sourceTree = "<group>"; };
		EFEBAC7528B3992300828E93 /* SceneDelegate.swift */ = {isa = PBXFileReference; lastKnownFileType = sourcecode.swift; path = SceneDelegate.swift; sourceTree = "<group>"; };
		EFEBAC7728B3992300828E93 /* ViewController.swift */ = {isa = PBXFileReference; lastKnownFileType = sourcecode.swift; path = ViewController.swift; sourceTree = "<group>"; };
		EFEBAC7A28B3992300828E93 /* Base */ = {isa = PBXFileReference; lastKnownFileType = file.storyboard; name = Base; path = Base.lproj/Main.storyboard; sourceTree = "<group>"; };
		EFEBAC7C28B3992500828E93 /* Assets.xcassets */ = {isa = PBXFileReference; lastKnownFileType = folder.assetcatalog; path = Assets.xcassets; sourceTree = "<group>"; };
		EFEBAC7F28B3992500828E93 /* Base */ = {isa = PBXFileReference; lastKnownFileType = file.storyboard; name = Base; path = Base.lproj/LaunchScreen.storyboard; sourceTree = "<group>"; };
		EFEBAC8128B3992500828E93 /* Info.plist */ = {isa = PBXFileReference; lastKnownFileType = text.plist.xml; path = Info.plist; sourceTree = "<group>"; };
		EFEBAC8628B3992600828E93 /* Egg TimerTests.xctest */ = {isa = PBXFileReference; explicitFileType = wrapper.cfbundle; includeInIndex = 0; path = "Egg TimerTests.xctest"; sourceTree = BUILT_PRODUCTS_DIR; };
		EFEBAC8A28B3992600828E93 /* Egg_TimerTests.swift */ = {isa = PBXFileReference; lastKnownFileType = sourcecode.swift; path = Egg_TimerTests.swift; sourceTree = "<group>"; };
		EFEBAC9028B3992600828E93 /* Egg TimerUITests.xctest */ = {isa = PBXFileReference; explicitFileType = wrapper.cfbundle; includeInIndex = 0; path = "Egg TimerUITests.xctest"; sourceTree = BUILT_PRODUCTS_DIR; };
		EFEBAC9428B3992600828E93 /* Egg_TimerUITests.swift */ = {isa = PBXFileReference; lastKnownFileType = sourcecode.swift; path = Egg_TimerUITests.swift; sourceTree = "<group>"; };
		EFEBAC9628B3992600828E93 /* Egg_TimerUITestsLaunchTests.swift */ = {isa = PBXFileReference; lastKnownFileType = sourcecode.swift; path = Egg_TimerUITestsLaunchTests.swift; sourceTree = "<group>"; };
		EFEBACA328B39A2F00828E93 /* alarm_sound.mp3 */ = {isa = PBXFileReference; lastKnownFileType = audio.mp3; path = alarm_sound.mp3; sourceTree = "<group>"; };
/* End PBXFileReference section */

/* Begin PBXFrameworksBuildPhase section */
		EFEBAC6D28B3992300828E93 /* Frameworks */ = {
			isa = PBXFrameworksBuildPhase;
			buildActionMask = 2147483647;
			files = (
			);
			runOnlyForDeploymentPostprocessing = 0;
		};
		EFEBAC8328B3992600828E93 /* Frameworks */ = {
			isa = PBXFrameworksBuildPhase;
			buildActionMask = 2147483647;
			files = (
			);
			runOnlyForDeploymentPostprocessing = 0;
		};
		EFEBAC8D28B3992600828E93 /* Frameworks */ = {
			isa = PBXFrameworksBuildPhase;
			buildActionMask = 2147483647;
			files = (
			);
			runOnlyForDeploymentPostprocessing = 0;
		};
/* End PBXFrameworksBuildPhase section */

/* Begin PBXGroup section */
		EFEBAC6728B3992300828E93 = {
			isa = PBXGroup;
			children = (
				EFEBAC7228B3992300828E93 /* Egg Timer */,
				EFEBAC8928B3992600828E93 /* Egg TimerTests */,
				EFEBAC9328B3992600828E93 /* Egg TimerUITests */,
				EFEBAC7128B3992300828E93 /* Products */,
			);
			sourceTree = "<group>";
		};
		EFEBAC7128B3992300828E93 /* Products */ = {
			isa = PBXGroup;
			children = (
				EFEBAC7028B3992300828E93 /* Egg Timer.app */,
				EFEBAC8628B3992600828E93 /* Egg TimerTests.xctest */,
				EFEBAC9028B3992600828E93 /* Egg TimerUITests.xctest */,
			);
			name = Products;
			sourceTree = "<group>";
		};
		EFEBAC7228B3992300828E93 /* Egg Timer */ = {
			isa = PBXGroup;
			children = (
				EFEBACA328B39A2F00828E93 /* alarm_sound.mp3 */,
				EFEBAC7328B3992300828E93 /* AppDelegate.swift */,
				EFEBAC7528B3992300828E93 /* SceneDelegate.swift */,
				EFEBAC7728B3992300828E93 /* ViewController.swift */,
				EFEBAC7928B3992300828E93 /* Main.storyboard */,
				EFEBAC7C28B3992500828E93 /* Assets.xcassets */,
				EFEBAC7E28B3992500828E93 /* LaunchScreen.storyboard */,
				EFEBAC8128B3992500828E93 /* Info.plist */,
			);
			path = "Egg Timer";
			sourceTree = "<group>";
		};
		EFEBAC8928B3992600828E93 /* Egg TimerTests */ = {
			isa = PBXGroup;
			children = (
				EFEBAC8A28B3992600828E93 /* Egg_TimerTests.swift */,
			);
			path = "Egg TimerTests";
			sourceTree = "<group>";
		};
		EFEBAC9328B3992600828E93 /* Egg TimerUITests */ = {
			isa = PBXGroup;
			children = (
				EFEBAC9428B3992600828E93 /* Egg_TimerUITests.swift */,
				EFEBAC9628B3992600828E93 /* Egg_TimerUITestsLaunchTests.swift */,
			);
			path = "Egg TimerUITests";
			sourceTree = "<group>";
		};
/* End PBXGroup section */

/* Begin PBXNativeTarget section */
		EFEBAC6F28B3992300828E93 /* Egg Timer */ = {
			isa = PBXNativeTarget;
			buildConfigurationList = EFEBAC9A28B3992600828E93 /* Build configuration list for PBXNativeTarget "Egg Timer" */;
			buildPhases = (
				EFEBAC6C28B3992300828E93 /* Sources */,
				EFEBAC6D28B3992300828E93 /* Frameworks */,
				EFEBAC6E28B3992300828E93 /* Resources */,
			);
			buildRules = (
			);
			dependencies = (
			);
			name = "Egg Timer";
			productName = "Egg Timer";
			productReference = EFEBAC7028B3992300828E93 /* Egg Timer.app */;
			productType = "com.apple.product-type.application";
		};
		EFEBAC8528B3992600828E93 /* Egg TimerTests */ = {
			isa = PBXNativeTarget;
			buildConfigurationList = EFEBAC9D28B3992600828E93 /* Build configuration list for PBXNativeTarget "Egg TimerTests" */;
			buildPhases = (
				EFEBAC8228B3992600828E93 /* Sources */,
				EFEBAC8328B3992600828E93 /* Frameworks */,
				EFEBAC8428B3992600828E93 /* Resources */,
			);
			buildRules = (
			);
			dependencies = (
				EFEBAC8828B3992600828E93 /* PBXTargetDependency */,
			);
			name = "Egg TimerTests";
			productName = "Egg TimerTests";
			productReference = EFEBAC8628B3992600828E93 /* Egg TimerTests.xctest */;
			productType = "com.apple.product-type.bundle.unit-test";
		};
		EFEBAC8F28B3992600828E93 /* Egg TimerUITests */ = {
			isa = PBXNativeTarget;
			buildConfigurationList = EFEBACA028B3992600828E93 /* Build configuration list for PBXNativeTarget "Egg TimerUITests" */;
			buildPhases = (
				EFEBAC8C28B3992600828E93 /* Sources */,
				EFEBAC8D28B3992600828E93 /* Frameworks */,
				EFEBAC8E28B3992600828E93 /* Resources */,
			);
			buildRules = (
			);
			dependencies = (
				EFEBAC9228B3992600828E93 /* PBXTargetDependency */,
			);
			name = "Egg TimerUITests";
			productName = "Egg TimerUITests";
			productReference = EFEBAC9028B3992600828E93 /* Egg TimerUITests.xctest */;
			productType = "com.apple.product-type.bundle.ui-testing";
		};
/* End PBXNativeTarget section */

/* Begin PBXProject section */
		EFEBAC6828B3992300828E93 /* Project object */ = {
			isa = PBXProject;
			attributes = {
				BuildIndependentTargetsInParallel = 1;
				LastSwiftUpdateCheck = 1340;
				LastUpgradeCheck = 1340;
				TargetAttributes = {
					EFEBAC6F28B3992300828E93 = {
						CreatedOnToolsVersion = 13.4.1;
					};
					EFEBAC8528B3992600828E93 = {
						CreatedOnToolsVersion = 13.4.1;
						TestTargetID = EFEBAC6F28B3992300828E93;
					};
					EFEBAC8F28B3992600828E93 = {
						CreatedOnToolsVersion = 13.4.1;
						TestTargetID = EFEBAC6F28B3992300828E93;
					};
				};
			};
			buildConfigurationList = EFEBAC6B28B3992300828E93 /* Build configuration list for PBXProject "Egg Timer" */;
			compatibilityVersion = "Xcode 13.0";
			developmentRegion = en;
			hasScannedForEncodings = 0;
			knownRegions = (
				en,
				Base,
			);
			mainGroup = EFEBAC6728B3992300828E93;
			productRefGroup = EFEBAC7128B3992300828E93 /* Products */;
			projectDirPath = "";
			projectRoot = "";
			targets = (
				EFEBAC6F28B3992300828E93 /* Egg Timer */,
				EFEBAC8528B3992600828E93 /* Egg TimerTests */,
				EFEBAC8F28B3992600828E93 /* Egg TimerUITests */,
			);
		};
/* End PBXProject section */

/* Begin PBXResourcesBuildPhase section */
		EFEBAC6E28B3992300828E93 /* Resources */ = {
			isa = PBXResourcesBuildPhase;
			buildActionMask = 2147483647;
			files = (
				EFEBAC8028B3992500828E93 /* LaunchScreen.storyboard in Resources */,
				EFEBAC7D28B3992500828E93 /* Assets.xcassets in Resources */,
				EFEBACA428B39A2F00828E93 /* alarm_sound.mp3 in Resources */,
				EFEBAC7B28B3992300828E93 /* Main.storyboard in Resources */,
			);
			runOnlyForDeploymentPostprocessing = 0;
		};
		EFEBAC8428B3992600828E93 /* Resources */ = {
			isa = PBXResourcesBuildPhase;
			buildActionMask = 2147483647;
			files = (
			);
			runOnlyForDeploymentPostprocessing = 0;
		};
		EFEBAC8E28B3992600828E93 /* Resources */ = {
			isa = PBXResourcesBuildPhase;
			buildActionMask = 2147483647;
			files = (
			);
			runOnlyForDeploymentPostprocessing = 0;
		};
/* End PBXResourcesBuildPhase section */

/* Begin PBXSourcesBuildPhase section */
		EFEBAC6C28B3992300828E93 /* Sources */ = {
			isa = PBXSourcesBuildPhase;
			buildActionMask = 2147483647;
			files = (
				EFEBAC7828B3992300828E93 /* ViewController.swift in Sources */,
				EFEBAC7428B3992300828E93 /* AppDelegate.swift in Sources */,
				EFEBAC7628B3992300828E93 /* SceneDelegate.swift in Sources */,
			);
			runOnlyForDeploymentPostprocessing = 0;
		};
		EFEBAC8228B3992600828E93 /* Sources */ = {
			isa = PBXSourcesBuildPhase;
			buildActionMask = 2147483647;
			files = (
				EFEBAC8B28B3992600828E93 /* Egg_TimerTests.swift in Sources */,
			);
			runOnlyForDeploymentPostprocessing = 0;
		};
		EFEBAC8C28B3992600828E93 /* Sources */ = {
			isa = PBXSourcesBuildPhase;
			buildActionMask = 2147483647;
			files = (
				EFEBAC9728B3992600828E93 /* Egg_TimerUITestsLaunchTests.swift in Sources */,
				EFEBAC9528B3992600828E93 /* Egg_TimerUITests.swift in Sources */,
			);
			runOnlyForDeploymentPostprocessing = 0;
		};
/* End PBXSourcesBuildPhase section */

/* Begin PBXTargetDependency section */
		EFEBAC8828B3992600828E93 /* PBXTargetDependency */ = {
			isa = PBXTargetDependency;
			target = EFEBAC6F28B3992300828E93 /* Egg Timer */;
			targetProxy = EFEBAC8728B3992600828E93 /* PBXContainerItemProxy */;
		};
		EFEBAC9228B3992600828E93 /* PBXTargetDependency */ = {
			isa = PBXTargetDependency;
			target = EFEBAC6F28B3992300828E93 /* Egg Timer */;
			targetProxy = EFEBAC9128B3992600828E93 /* PBXContainerItemProxy */;
		};
/* End PBXTargetDependency section */

/* Begin PBXVariantGroup section */
		EFEBAC7928B3992300828E93 /* Main.storyboard */ = {
			isa = PBXVariantGroup;
			children = (
				EFEBAC7A28B3992300828E93 /* Base */,
			);
			name = Main.storyboard;
			sourceTree = "<group>";
		};
		EFEBAC7E28B3992500828E93 /* LaunchScreen.storyboard */ = {
			isa = PBXVariantGroup;
			children = (
				EFEBAC7F28B3992500828E93 /* Base */,
			);
			name = LaunchScreen.storyboard;
			sourceTree = "<group>";
		};
/* End PBXVariantGroup section */

/* Begin XCBuildConfiguration section */
		EFEBAC9828B3992600828E93 /* Debug */ = {
			isa = XCBuildConfiguration;
			buildSettings = {
				ALWAYS_SEARCH_USER_PATHS = NO;
				CLANG_ANALYZER_NONNULL = YES;
				CLANG_ANALYZER_NUMBER_OBJECT_CONVERSION = YES_AGGRESSIVE;
				CLANG_CXX_LANGUAGE_STANDARD = "gnu++17";
				CLANG_ENABLE_MODULES = YES;
				CLANG_ENABLE_OBJC_ARC = YES;
				CLANG_ENABLE_OBJC_WEAK = YES;
				CLANG_WARN_BLOCK_CAPTURE_AUTORELEASING = YES;
				CLANG_WARN_BOOL_CONVERSION = YES;
				CLANG_WARN_COMMA = YES;
				CLANG_WARN_CONSTANT_CONVERSION = YES;
				CLANG_WARN_DEPRECATED_OBJC_IMPLEMENTATIONS = YES;
				CLANG_WARN_DIRECT_OBJC_ISA_USAGE = YES_ERROR;
				CLANG_WARN_DOCUMENTATION_COMMENTS = YES;
				CLANG_WARN_EMPTY_BODY = YES;
				CLANG_WARN_ENUM_CONVERSION = YES;
				CLANG_WARN_INFINITE_RECURSION = YES;
				CLANG_WARN_INT_CONVERSION = YES;
				CLANG_WARN_NON_LITERAL_NULL_CONVERSION = YES;
				CLANG_WARN_OBJC_IMPLICIT_RETAIN_SELF = YES;
				CLANG_WARN_OBJC_LITERAL_CONVERSION = YES;
				CLANG_WARN_OBJC_ROOT_CLASS = YES_ERROR;
				CLANG_WARN_QUOTED_INCLUDE_IN_FRAMEWORK_HEADER = YES;
				CLANG_WARN_RANGE_LOOP_ANALYSIS = YES;
				CLANG_WARN_STRICT_PROTOTYPES = YES;
				CLANG_WARN_SUSPICIOUS_MOVE = YES;
				CLANG_WARN_UNGUARDED_AVAILABILITY = YES_AGGRESSIVE;
				CLANG_WARN_UNREACHABLE_CODE = YES;
				CLANG_WARN__DUPLICATE_METHOD_MATCH = YES;
				COPY_PHASE_STRIP = NO;
				DEBUG_INFORMATION_FORMAT = dwarf;
				ENABLE_STRICT_OBJC_MSGSEND = YES;
				ENABLE_TESTABILITY = YES;
				GCC_C_LANGUAGE_STANDARD = gnu11;
				GCC_DYNAMIC_NO_PIC = NO;
				GCC_NO_COMMON_BLOCKS = YES;
				GCC_OPTIMIZATION_LEVEL = 0;
				GCC_PREPROCESSOR_DEFINITIONS = (
					"DEBUG=1",
					"$(inherited)",
				);
				GCC_WARN_64_TO_32_BIT_CONVERSION = YES;
				GCC_WARN_ABOUT_RETURN_TYPE = YES_ERROR;
				GCC_WARN_UNDECLARED_SELECTOR = YES;
				GCC_WARN_UNINITIALIZED_AUTOS = YES_AGGRESSIVE;
				GCC_WARN_UNUSED_FUNCTION = YES;
				GCC_WARN_UNUSED_VARIABLE = YES;
				IPHONEOS_DEPLOYMENT_TARGET = 15.5;
				MTL_ENABLE_DEBUG_INFO = INCLUDE_SOURCE;
				MTL_FAST_MATH = YES;
				ONLY_ACTIVE_ARCH = YES;
				SDKROOT = iphoneos;
				SWIFT_ACTIVE_COMPILATION_CONDITIONS = DEBUG;
				SWIFT_OPTIMIZATION_LEVEL = "-Onone";
			};
			name = Debug;
		};
		EFEBAC9928B3992600828E93 /* Release */ = {
			isa = XCBuildConfiguration;
			buildSettings = {
				ALWAYS_SEARCH_USER_PATHS = NO;
				CLANG_ANALYZER_NONNULL = YES;
				CLANG_ANALYZER_NUMBER_OBJECT_CONVERSION = YES_AGGRESSIVE;
				CLANG_CXX_LANGUAGE_STANDARD = "gnu++17";
				CLANG_ENABLE_MODULES = YES;
				CLANG_ENABLE_OBJC_ARC = YES;
				CLANG_ENABLE_OBJC_WEAK = YES;
				CLANG_WARN_BLOCK_CAPTURE_AUTORELEASING = YES;
				CLANG_WARN_BOOL_CONVERSION = YES;
				CLANG_WARN_COMMA = YES;
				CLANG_WARN_CONSTANT_CONVERSION = YES;
				CLANG_WARN_DEPRECATED_OBJC_IMPLEMENTATIONS = YES;
				CLANG_WARN_DIRECT_OBJC_ISA_USAGE = YES_ERROR;
				CLANG_WARN_DOCUMENTATION_COMMENTS = YES;
				CLANG_WARN_EMPTY_BODY = YES;
				CLANG_WARN_ENUM_CONVERSION = YES;
				CLANG_WARN_INFINITE_RECURSION = YES;
				CLANG_WARN_INT_CONVERSION = YES;
				CLANG_WARN_NON_LITERAL_NULL_CONVERSION = YES;
				CLANG_WARN_OBJC_IMPLICIT_RETAIN_SELF = YES;
				CLANG_WARN_OBJC_LITERAL_CONVERSION = YES;
				CLANG_WARN_OBJC_ROOT_CLASS = YES_ERROR;
				CLANG_WARN_QUOTED_INCLUDE_IN_FRAMEWORK_HEADER = YES;
				CLANG_WARN_RANGE_LOOP_ANALYSIS = YES;
				CLANG_WARN_STRICT_PROTOTYPES = YES;
				CLANG_WARN_SUSPICIOUS_MOVE = YES;
				CLANG_WARN_UNGUARDED_AVAILABILITY = YES_AGGRESSIVE;
				CLANG_WARN_UNREACHABLE_CODE = YES;
				CLANG_WARN__DUPLICATE_METHOD_MATCH = YES;
				COPY_PHASE_STRIP = NO;
				DEBUG_INFORMATION_FORMAT = "dwarf-with-dsym";
				ENABLE_NS_ASSERTIONS = NO;
				ENABLE_STRICT_OBJC_MSGSEND = YES;
				GCC_C_LANGUAGE_STANDARD = gnu11;
				GCC_NO_COMMON_BLOCKS = YES;
				GCC_WARN_64_TO_32_BIT_CONVERSION = YES;
				GCC_WARN_ABOUT_RETURN_TYPE = YES_ERROR;
				GCC_WARN_UNDECLARED_SELECTOR = YES;
				GCC_WARN_UNINITIALIZED_AUTOS = YES_AGGRESSIVE;
				GCC_WARN_UNUSED_FUNCTION = YES;
				GCC_WARN_UNUSED_VARIABLE = YES;
				IPHONEOS_DEPLOYMENT_TARGET = 15.5;
				MTL_ENABLE_DEBUG_INFO = NO;
				MTL_FAST_MATH = YES;
				SDKROOT = iphoneos;
				SWIFT_COMPILATION_MODE = wholemodule;
				SWIFT_OPTIMIZATION_LEVEL = "-O";
				VALIDATE_PRODUCT = YES;
			};
			name = Release;
		};
		EFEBAC9B28B3992600828E93 /* Debug */ = {
			isa = XCBuildConfiguration;
			buildSettings = {
				ASSETCATALOG_COMPILER_APPICON_NAME = AppIcon;
				ASSETCATALOG_COMPILER_GLOBAL_ACCENT_COLOR_NAME = AccentColor;
				CODE_SIGN_STYLE = Automatic;
				CURRENT_PROJECT_VERSION = 1;
				GENERATE_INFOPLIST_FILE = YES;
				INFOPLIST_FILE = "Egg Timer/Info.plist";
				INFOPLIST_KEY_UIApplicationSupportsIndirectInputEvents = YES;
				INFOPLIST_KEY_UILaunchStoryboardName = LaunchScreen;
				INFOPLIST_KEY_UIMainStoryboardFile = Main;
				INFOPLIST_KEY_UISupportedInterfaceOrientations_iPad = "UIInterfaceOrientationPortrait UIInterfaceOrientationPortraitUpsideDown UIInterfaceOrientationLandscapeLeft UIInterfaceOrientationLandscapeRight";
				INFOPLIST_KEY_UISupportedInterfaceOrientations_iPhone = "UIInterfaceOrientationPortrait UIInterfaceOrientationLandscapeLeft UIInterfaceOrientationLandscapeRight";
				LD_RUNPATH_SEARCH_PATHS = (
					"$(inherited)",
					"@executable_path/Frameworks",
				);
				MARKETING_VERSION = 1.0;
				PRODUCT_BUNDLE_IDENTIFIER = "Shahzaib.Egg-Timer";
				PRODUCT_NAME = "$(TARGET_NAME)";
				SWIFT_EMIT_LOC_STRINGS = YES;
				SWIFT_VERSION = 5.0;
				TARGETED_DEVICE_FAMILY = "1,2";
			};
			name = Debug;
		};
		EFEBAC9C28B3992600828E93 /* Release */ = {
			isa = XCBuildConfiguration;
			buildSettings = {
				ASSETCATALOG_COMPILER_APPICON_NAME = AppIcon;
				ASSETCATALOG_COMPILER_GLOBAL_ACCENT_COLOR_NAME = AccentColor;
				CODE_SIGN_STYLE = Automatic;
				CURRENT_PROJECT_VERSION = 1;
				GENERATE_INFOPLIST_FILE = YES;
				INFOPLIST_FILE = "Egg Timer/Info.plist";
				INFOPLIST_KEY_UIApplicationSupportsIndirectInputEvents = YES;
				INFOPLIST_KEY_UILaunchStoryboardName = LaunchScreen;
				INFOPLIST_KEY_UIMainStoryboardFile = Main;
				INFOPLIST_KEY_UISupportedInterfaceOrientations_iPad = "UIInterfaceOrientationPortrait UIInterfaceOrientationPortraitUpsideDown UIInterfaceOrientationLandscapeLeft UIInterfaceOrientationLandscapeRight";
				INFOPLIST_KEY_UISupportedInterfaceOrientations_iPhone = "UIInterfaceOrientationPortrait UIInterfaceOrientationLandscapeLeft UIInterfaceOrientationLandscapeRight";
				LD_RUNPATH_SEARCH_PATHS = (
					"$(inherited)",
					"@executable_path/Frameworks",
				);
				MARKETING_VERSION = 1.0;
				PRODUCT_BUNDLE_IDENTIFIER = "Shahzaib.Egg-Timer";
				PRODUCT_NAME = "$(TARGET_NAME)";
				SWIFT_EMIT_LOC_STRINGS = YES;
				SWIFT_VERSION = 5.0;
				TARGETED_DEVICE_FAMILY = "1,2";
			};
			name = Release;
		};
		EFEBAC9E28B3992600828E93 /* Debug */ = {
			isa = XCBuildConfiguration;
			buildSettings = {
				ALWAYS_EMBED_SWIFT_STANDARD_LIBRARIES = YES;
				BUNDLE_LOADER = "$(TEST_HOST)";
				CODE_SIGN_STYLE = Automatic;
				CURRENT_PROJECT_VERSION = 1;
				GENERATE_INFOPLIST_FILE = YES;
				IPHONEOS_DEPLOYMENT_TARGET = 15.5;
				MARKETING_VERSION = 1.0;
				PRODUCT_BUNDLE_IDENTIFIER = "Shahzaib.Egg-TimerTests";
				PRODUCT_NAME = "$(TARGET_NAME)";
				SWIFT_EMIT_LOC_STRINGS = NO;
				SWIFT_VERSION = 5.0;
				TARGETED_DEVICE_FAMILY = "1,2";
				TEST_HOST = "$(BUILT_PRODUCTS_DIR)/Egg Timer.app/Egg Timer";
			};
			name = Debug;
		};
		EFEBAC9F28B3992600828E93 /* Release */ = {
			isa = XCBuildConfiguration;
			buildSettings = {
				ALWAYS_EMBED_SWIFT_STANDARD_LIBRARIES = YES;
				BUNDLE_LOADER = "$(TEST_HOST)";
				CODE_SIGN_STYLE = Automatic;
				CURRENT_PROJECT_VERSION = 1;
				GENERATE_INFOPLIST_FILE = YES;
				IPHONEOS_DEPLOYMENT_TARGET = 15.5;
				MARKETING_VERSION = 1.0;
				PRODUCT_BUNDLE_IDENTIFIER = "Shahzaib.Egg-TimerTests";
				PRODUCT_NAME = "$(TARGET_NAME)";
				SWIFT_EMIT_LOC_STRINGS = NO;
				SWIFT_VERSION = 5.0;
				TARGETED_DEVICE_FAMILY = "1,2";
				TEST_HOST = "$(BUILT_PRODUCTS_DIR)/Egg Timer.app/Egg Timer";
			};
			name = Release;
		};
		EFEBACA128B3992600828E93 /* Debug */ = {
			isa = XCBuildConfiguration;
			buildSettings = {
				ALWAYS_EMBED_SWIFT_STANDARD_LIBRARIES = YES;
				CODE_SIGN_STYLE = Automatic;
				CURRENT_PROJECT_VERSION = 1;
				GENERATE_INFOPLIST_FILE = YES;
				MARKETING_VERSION = 1.0;
				PRODUCT_BUNDLE_IDENTIFIER = "Shahzaib.Egg-TimerUITests";
				PRODUCT_NAME = "$(TARGET_NAME)";
				SWIFT_EMIT_LOC_STRINGS = NO;
				SWIFT_VERSION = 5.0;
				TARGETED_DEVICE_FAMILY = "1,2";
				TEST_TARGET_NAME = "Egg Timer";
			};
			name = Debug;
		};
		EFEBACA228B3992600828E93 /* Release */ = {
			isa = XCBuildConfiguration;
			buildSettings = {
				ALWAYS_EMBED_SWIFT_STANDARD_LIBRARIES = YES;
				CODE_SIGN_STYLE = Automatic;
				CURRENT_PROJECT_VERSION = 1;
				GENERATE_INFOPLIST_FILE = YES;
				MARKETING_VERSION = 1.0;
				PRODUCT_BUNDLE_IDENTIFIER = "Shahzaib.Egg-TimerUITests";
				PRODUCT_NAME = "$(TARGET_NAME)";
				SWIFT_EMIT_LOC_STRINGS = NO;
				SWIFT_VERSION = 5.0;
				TARGETED_DEVICE_FAMILY = "1,2";
				TEST_TARGET_NAME = "Egg Timer";
			};
			name = Release;
		};
/* End XCBuildConfiguration section */

/* Begin XCConfigurationList section */
		EFEBAC6B28B3992300828E93 /* Build configuration list for PBXProject "Egg Timer" */ = {
			isa = XCConfigurationList;
			buildConfigurations = (
				EFEBAC9828B3992600828E93 /* Debug */,
				EFEBAC9928B3992600828E93 /* Release */,
			);
			defaultConfigurationIsVisible = 0;
			defaultConfigurationName = Release;
		};
		EFEBAC9A28B3992600828E93 /* Build configuration list for PBXNativeTarget "Egg Timer" */ = {
			isa = XCConfigurationList;
			buildConfigurations = (
				EFEBAC9B28B3992600828E93 /* Debug */,
				EFEBAC9C28B3992600828E93 /* Release */,
			);
			defaultConfigurationIsVisible = 0;
			defaultConfigurationName = Release;
		};
		EFEBAC9D28B3992600828E93 /* Build configuration list for PBXNativeTarget "Egg TimerTests" */ = {
			isa = XCConfigurationList;
			buildConfigurations = (
				EFEBAC9E28B3992600828E93 /* Debug */,
				EFEBAC9F28B3992600828E93 /* Release */,
			);
			defaultConfigurationIsVisible = 0;
			defaultConfigurationName = Release;
		};
		EFEBACA028B3992600828E93 /* Build configuration list for PBXNativeTarget "Egg TimerUITests" */ = {
			isa = XCConfigurationList;
			buildConfigurations = (
				EFEBACA128B3992600828E93 /* Debug */,
				EFEBACA228B3992600828E93 /* Release */,
			);
			defaultConfigurationIsVisible = 0;
			defaultConfigurationName = Release;
		};
/* End XCConfigurationList section */
	};
	rootObject = EFEBAC6828B3992300828E93 /* Project object */;
}
